
Microsoft Visual Studio Solution File, Format Version 12.00
# Visual Studio Version 16
VisualStudioVersion = 16.0.31005.135
MinimumVisualStudioVersion = 10.0.40219.1
Project("{FAE04EC0-301F-11D3-BF4B-00C04F79EFBC}") = "Assembly-CSharp", "Assembly-CSharp.csproj", "{F5CC5B42-6472-50FA-5068-9C1FF0890D87}"
EndProject
Project("{FAE04EC0-301F-11D3-BF4B-00C04F79EFBC}") = "Assembly-CSharp-Editor", "Assembly-CSharp-Editor.csproj", "{6110564E-D0B1-3B54-CFB2-C5C6B34337E3}"
EndProject
Global
	GlobalSection(SolutionConfigurationPlatforms) = preSolution
		Debug|Any CPU = Debug|Any CPU
		Release|Any CPU = Release|Any CPU
	EndGlobalSection
	GlobalSection(ProjectConfigurationPlatforms) = postSolution
		{F5CC5B42-6472-50FA-5068-9C1FF0890D87}.Debug|Any CPU.ActiveCfg = Debug|Any CPU
		{F5CC5B42-6472-50FA-5068-9C1FF0890D87}.Debug|Any CPU.Build.0 = Debug|Any CPU
		{F5CC5B42-6472-50FA-5068-9C1FF0890D87}.Release|Any CPU.ActiveCfg = Release|Any CPU
		{F5CC5B42-6472-50FA-5068-9C1FF0890D87}.Release|Any CPU.Build.0 = Release|Any CPU
		{6110564E-D0B1-3B54-CFB2-C5C6B34337E3}.Debug|Any CPU.ActiveCfg = Debug|Any CPU
		{6110564E-D0B1-3B54-CFB2-C5C6B34337E3}.Debug|Any CPU.Build.0 = Debug|Any CPU
		{6110564E-D0B1-3B54-CFB2-C5C6B34337E3}.Release|Any CPU.ActiveCfg = Release|Any CPU
		{6110564E-D0B1-3B54-CFB2-C5C6B34337E3}.Release|Any CPU.Build.0 = Release|Any CPU
	EndGlobalSection
	GlobalSection(SolutionProperties) = preSolution
		HideSolutionNode = FALSE
	EndGlobalSection
	GlobalSection(ExtensibilityGlobals) = postSolution
		SolutionGuid = {839C6B60-FDDC-490F-A3C5-D229F3BACB5E}
	EndGlobalSection
EndGlobal
